
Microsoft Visual Studio Solution File, Format Version 12.00
# Visual Studio 15
VisualStudioVersion = 15.0.28010.2019
MinimumVisualStudioVersion = 10.0.40219.1
Project("{FAE04EC0-301F-11D3-BF4B-00C04F79EFBC}") = "TicTacToeMobile.Android", "TicTacToeMobile\TicTacToeMobile.Android\TicTacToeMobile.Android.csproj", "{D215022A-A080-46CA-9474-57D9261314F4}"
EndProject
Project("{FAE04EC0-301F-11D3-BF4B-00C04F79EFBC}") = "TicTacToeMobile", "TicTacToeMobile\TicTacToeMobile\TicTacToeMobile.csproj", "{AB376267-CD63-4586-9F8C-9AC624CC9190}"
EndProject
Global
	GlobalSection(SolutionConfigurationPlatforms) = preSolution
		Debug|Any CPU = Debug|Any CPU
		Release|Any CPU = Release|Any CPU
	EndGlobalSection
	GlobalSection(ProjectConfigurationPlatforms) = postSolution
		{D215022A-A080-46CA-9474-57D9261314F4}.Debug|Any CPU.ActiveCfg = Debug|Any CPU
		{D215022A-A080-46CA-9474-57D9261314F4}.Debug|Any CPU.Build.0 = Debug|Any CPU
		{D215022A-A080-46CA-9474-57D9261314F4}.Debug|Any CPU.Deploy.0 = Debug|Any CPU
		{D215022A-A080-46CA-9474-57D9261314F4}.Release|Any CPU.ActiveCfg = Release|Any CPU
		{D215022A-A080-46CA-9474-57D9261314F4}.Release|Any CPU.Build.0 = Release|Any CPU
		{D215022A-A080-46CA-9474-57D9261314F4}.Release|Any CPU.Deploy.0 = Release|Any CPU
		{AB376267-CD63-4586-9F8C-9AC624CC9190}.Debug|Any CPU.ActiveCfg = Debug|Any CPU
		{AB376267-CD63-4586-9F8C-9AC624CC9190}.Debug|Any CPU.Build.0 = Debug|Any CPU
		{AB376267-CD63-4586-9F8C-9AC624CC9190}.Release|Any CPU.ActiveCfg = Release|Any CPU
		{AB376267-CD63-4586-9F8C-9AC624CC9190}.Release|Any CPU.Build.0 = Release|Any CPU
	EndGlobalSection
	GlobalSection(SolutionProperties) = preSolution
		HideSolutionNode = FALSE
	EndGlobalSection
	GlobalSection(ExtensibilityGlobals) = postSolution
		SolutionGuid = {23CE955B-B9F5-4E3A-A4BC-EA4AECC82BA4}
	EndGlobalSection
EndGlobal
